
Microsoft Visual Studio Solution File, Format Version 12.00
# Visual Studio 15
VisualStudioVersion = 15.0.28307.572
MinimumVisualStudioVersion = 10.0.40219.1
Project("{FAE04EC0-301F-11D3-BF4B-00C04F79EFBC}") = "MS-DOS Executive", "MS-DOS Executuve\MS-DOS Executive.csproj", "{8B49C25C-1970-40FE-A4DE-06E8907DEE53}"
EndProject
Global
	GlobalSection(SolutionConfigurationPlatforms) = preSolution
		Debug|Any CPU = Debug|Any CPU
		Release|Any CPU = Release|Any CPU
	EndGlobalSection
	GlobalSection(ProjectConfigurationPlatforms) = postSolution
		{8B49C25C-1970-40FE-A4DE-06E8907DEE53}.Debug|Any CPU.ActiveCfg = Debug|Any CPU
		{8B49C25C-1970-40FE-A4DE-06E8907DEE53}.Debug|Any CPU.Build.0 = Debug|Any CPU
		{8B49C25C-1970-40FE-A4DE-06E8907DEE53}.Release|Any CPU.ActiveCfg = Release|Any CPU
		{8B49C25C-1970-40FE-A4DE-06E8907DEE53}.Release|Any CPU.Build.0 = Release|Any CPU
	EndGlobalSection
	GlobalSection(SolutionProperties) = preSolution
		HideSolutionNode = FALSE
	EndGlobalSection
	GlobalSection(ExtensibilityGlobals) = postSolution
		SolutionGuid = {FFD9FAF9-5B4A-4ED5-88F3-00B7B70985FF}
	EndGlobalSection
EndGlobal
